
Microsoft Visual Studio Solution File, Format Version 12.00
Project("{FAE04EC0-301F-11D3-BF4B-00C04F79EFBC}") = "SimpleCrudApi", "SimpleCrudApi\SimpleCrudApi.csproj", "{476EC77D-9729-4F1C-96FC-FDA535922C44}"
EndProject
Global
	GlobalSection(SolutionConfigurationPlatforms) = preSolution
		Debug|Any CPU = Debug|Any CPU
		Release|Any CPU = Release|Any CPU
	EndGlobalSection
	GlobalSection(ProjectConfigurationPlatforms) = postSolution
		{476EC77D-9729-4F1C-96FC-FDA535922C44}.Debug|Any CPU.ActiveCfg = Debug|Any CPU
		{476EC77D-9729-4F1C-96FC-FDA535922C44}.Debug|Any CPU.Build.0 = Debug|Any CPU
		{476EC77D-9729-4F1C-96FC-FDA535922C44}.Release|Any CPU.ActiveCfg = Release|Any CPU
		{476EC77D-9729-4F1C-96FC-FDA535922C44}.Release|Any CPU.Build.0 = Release|Any CPU
	EndGlobalSection
EndGlobal
